
Microsoft Visual Studio Solution File, Format Version 12.00
Project("{FAE04EC0-301F-11D3-BF4B-00C04F79EFBC}") = "UserIdentifierService", "UserIdentifierService.csproj", "{D7313C26-E4B4-415A-960B-B1C60D03C953}"
EndProject
Global
	GlobalSection(SolutionConfigurationPlatforms) = preSolution
		Debug|Any CPU = Debug|Any CPU
		Release|Any CPU = Release|Any CPU
	EndGlobalSection
	GlobalSection(ProjectConfigurationPlatforms) = postSolution
		{D7313C26-E4B4-415A-960B-B1C60D03C953}.Debug|Any CPU.ActiveCfg = Debug|Any CPU
		{D7313C26-E4B4-415A-960B-B1C60D03C953}.Debug|Any CPU.Build.0 = Debug|Any CPU
		{D7313C26-E4B4-415A-960B-B1C60D03C953}.Release|Any CPU.ActiveCfg = Release|Any CPU
		{D7313C26-E4B4-415A-960B-B1C60D03C953}.Release|Any CPU.Build.0 = Release|Any CPU
	EndGlobalSection
EndGlobal
